{
  "name": "automerge-slots",
  "version": "1.0.0",
  "lockfileVersion": 2,
  "requires": true,
  "packages": {
    "": {
      "name": "automerge-slots",
      "version": "1.0.0",
      "license": "MIT",
      "peerDependencies": {
        "automerge": "^0.12.1"
      }
    },
    "node_modules/automerge": {
      "version": "0.12.1",
      "resolved": "https://registry.npmjs.org/automerge/-/automerge-0.12.1.tgz",
      "integrity": "sha512-7JOiRk4b6EP/Uj0AjmZTeYICXJmBRHFkL0U3mlTNXuDlUr3c4v/Wb8v0RXiX4UuVgGjkovcjOdiBMkVmzdu2KQ==",
      "peer": true,
      "dependencies": {
        "immutable": "^3.8.2",
        "transit-immutable-js": "^0.7.0",
        "transit-js": "^0.8.861",
        "uuid": "3.3.2"
      }
    },
    "node_modules/immutable": {
      "version": "3.8.2",
      "resolved": "https://registry.npmjs.org/immutable/-/immutable-3.8.2.tgz",
      "integrity": "sha1-wkOZUUVbs5kT2vKBN28VMOEErfM=",
      "peer": true,
      "engines": {
        "node": ">=0.10.0"
      }
    },
    "node_modules/transit-immutable-js": {
      "version": "0.7.0",
      "resolved": "https://registry.npmjs.org/transit-immutable-js/-/transit-immutable-js-0.7.0.tgz",
      "integrity": "sha1-mT4lCJtjEf9AIUD1VidtbSUwBdk=",
      "peer": true,
      "peerDependencies": {
        "immutable": ">= 3",
        "transit-js": ">= 0.8"
      }
    },
    "node_modules/transit-js": {
      "version": "0.8.874",
      "resolved": "https://registry.npmjs.org/transit-js/-/transit-js-0.8.874.tgz",
      "integrity": "sha512-IDJJGKRzUbJHmN0P15HBBa05nbKor3r2MmG6aSt0UxXIlJZZKcddTk67/U7WyAeW9Hv/VYI02IqLzolsC4sbPA==",
      "peer": true,
      "engines": {
        "node": ">= 0.10.0"
      }
    },
    "node_modules/uuid": {
      "version": "3.3.2",
      "resolved": "https://registry.npmjs.org/uuid/-/uuid-3.3.2.tgz",
      "integrity": "sha512-yXJmeNaw3DnnKAOKJE51sL/ZaYfWJRl1pK9dr19YFCu0ObS231AB1/LbqTKRAQ5kw8A90rA6fr4riOUpTZvQZA==",
      "deprecated": "Please upgrade  to version 7 or higher.  Older versions may use Math.random() in certain circumstances, which is known to be problematic.  See https://v8.dev/blog/math-random for details.",
      "peer": true,
      "bin": {
        "uuid": "bin/uuid"
      }
    }
  },
  "dependencies": {
    "automerge": {
      "version": "0.12.1",
      "resolved": "https://registry.npmjs.org/automerge/-/automerge-0.12.1.tgz",
      "integrity": "sha512-7JOiRk4b6EP/Uj0AjmZTeYICXJmBRHFkL0U3mlTNXuDlUr3c4v/Wb8v0RXiX4UuVgGjkovcjOdiBMkVmzdu2KQ==",
      "peer": true,
      "requires": {
        "immutable": "^3.8.2",
        "transit-immutable-js": "^0.7.0",
        "transit-js": "^0.8.861",
        "uuid": "3.3.2"
      }
    },
    "immutable": {
      "version": "3.8.2",
      "resolved": "https://registry.npmjs.org/immutable/-/immutable-3.8.2.tgz",
      "integrity": "sha1-wkOZUUVbs5kT2vKBN28VMOEErfM=",
      "peer": true
    },
    "transit-immutable-js": {
      "version": "0.7.0",
      "resolved": "https://registry.npmjs.org/transit-immutable-js/-/transit-immutable-js-0.7.0.tgz",
      "integrity": "sha1-mT4lCJtjEf9AIUD1VidtbSUwBdk=",
      "peer": true,
      "requires": {}
    },
    "transit-js": {
      "version": "0.8.874",
      "resolved": "https://registry.npmjs.org/transit-js/-/transit-js-0.8.874.tgz",
      "integrity": "sha512-IDJJGKRzUbJHmN0P15HBBa05nbKor3r2MmG6aSt0UxXIlJZZKcddTk67/U7WyAeW9Hv/VYI02IqLzolsC4sbPA==",
      "peer": true
    },
    "uuid": {
      "version": "3.3.2",
      "resolved": "https://registry.npmjs.org/uuid/-/uuid-3.3.2.tgz",
      "integrity": "sha512-yXJmeNaw3DnnKAOKJE51sL/ZaYfWJRl1pK9dr19YFCu0ObS231AB1/LbqTKRAQ5kw8A90rA6fr4riOUpTZvQZA==",
      "peer": true
    }
  }
}
